
Microsoft Visual Studio Solution File, Format Version 12.00
# Visual Studio Version 16
VisualStudioVersion = 16.0.30804.86
MinimumVisualStudioVersion = 10.0.40219.1
Project("{FAE04EC0-301F-11D3-BF4B-00C04F79EFBC}") = "UnityNSISReader", "UnityNSISReader.csproj", "{090BE1FE-BCDF-411E-B267-FE262F084EBC}"
EndProject
Global
	GlobalSection(SolutionConfigurationPlatforms) = preSolution
		Debug|Any CPU = Debug|Any CPU
		Release|Any CPU = Release|Any CPU
	EndGlobalSection
	GlobalSection(ProjectConfigurationPlatforms) = postSolution
		{090BE1FE-BCDF-411E-B267-FE262F084EBC}.Debug|Any CPU.ActiveCfg = Debug|Any CPU
		{090BE1FE-BCDF-411E-B267-FE262F084EBC}.Debug|Any CPU.Build.0 = Debug|Any CPU
		{090BE1FE-BCDF-411E-B267-FE262F084EBC}.Release|Any CPU.ActiveCfg = Release|Any CPU
		{090BE1FE-BCDF-411E-B267-FE262F084EBC}.Release|Any CPU.Build.0 = Release|Any CPU
	EndGlobalSection
	GlobalSection(SolutionProperties) = preSolution
		HideSolutionNode = FALSE
	EndGlobalSection
	GlobalSection(ExtensibilityGlobals) = postSolution
		SolutionGuid = {3CB4B857-388F-4C6F-B64A-4A1F9F427350}
	EndGlobalSection
EndGlobal
